
Microsoft Visual Studio Solution File, Format Version 12.00
# Visual Studio Version 17
VisualStudioVersion = 17.0.31919.166
MinimumVisualStudioVersion = 10.0.40219.1
Project("{2150E333-8FDC-42A3-9474-1A3956D46DE8}") = "Libraries", "Libraries", "{86D41950-6121-4C2C-84F8-F668143C41C2}"
EndProject
Project("{9A19103F-16F7-4668-BE54-9A1E7A4F7556}") = "Jackdaw.ClassLibrary.Common", "Source\Libraries\Jackdaw.ClassLibrary.Common\Jackdaw.ClassLibrary.Common.csproj", "{3F9E9153-2179-44F7-96C5-F06F3145B16D}"
EndProject
Project("{2150E333-8FDC-42A3-9474-1A3956D46DE8}") = "Console", "Console", "{704AF653-1A8F-4C49-9EF5-4A0F8C936302}"
EndProject
Project("{2150E333-8FDC-42A3-9474-1A3956D46DE8}") = "Documentation", "Documentation", "{CA091804-0CFC-4061-9EF1-7C93E7CC2992}"
	ProjectSection(SolutionItems) = preProject
		LICENSE = LICENSE
		README.md = README.md
	EndProjectSection
EndProject
Project("{9A19103F-16F7-4668-BE54-9A1E7A4F7556}") = "XmlToMarkdown", "Source\Console\XmlToMarkdown\XmlToMarkdown.csproj", "{5B25750A-A417-45AF-B7F5-6C5CC2F2EB32}"
EndProject
Project("{2150E333-8FDC-42A3-9474-1A3956D46DE8}") = "Workflows", "Workflows", "{DA0BD41C-7AD9-49E5-A187-1400B24E292C}"
	ProjectSection(SolutionItems) = preProject
		.github\workflows\develop-codeql-analysis.yml = .github\workflows\develop-codeql-analysis.yml
		.github\workflows\main-codeql-analysis.yml = .github\workflows\main-codeql-analysis.yml
	EndProjectSection
EndProject
Global
	GlobalSection(SolutionConfigurationPlatforms) = preSolution
		Debug|Any CPU = Debug|Any CPU
		Release|Any CPU = Release|Any CPU
	EndGlobalSection
	GlobalSection(ProjectConfigurationPlatforms) = postSolution
		{3F9E9153-2179-44F7-96C5-F06F3145B16D}.Debug|Any CPU.ActiveCfg = Debug|Any CPU
		{3F9E9153-2179-44F7-96C5-F06F3145B16D}.Debug|Any CPU.Build.0 = Debug|Any CPU
		{3F9E9153-2179-44F7-96C5-F06F3145B16D}.Release|Any CPU.ActiveCfg = Release|Any CPU
		{3F9E9153-2179-44F7-96C5-F06F3145B16D}.Release|Any CPU.Build.0 = Release|Any CPU
		{5B25750A-A417-45AF-B7F5-6C5CC2F2EB32}.Debug|Any CPU.ActiveCfg = Debug|Any CPU
		{5B25750A-A417-45AF-B7F5-6C5CC2F2EB32}.Debug|Any CPU.Build.0 = Debug|Any CPU
		{5B25750A-A417-45AF-B7F5-6C5CC2F2EB32}.Release|Any CPU.ActiveCfg = Release|Any CPU
		{5B25750A-A417-45AF-B7F5-6C5CC2F2EB32}.Release|Any CPU.Build.0 = Release|Any CPU
	EndGlobalSection
	GlobalSection(SolutionProperties) = preSolution
		HideSolutionNode = FALSE
	EndGlobalSection
	GlobalSection(NestedProjects) = preSolution
		{3F9E9153-2179-44F7-96C5-F06F3145B16D} = {86D41950-6121-4C2C-84F8-F668143C41C2}
		{5B25750A-A417-45AF-B7F5-6C5CC2F2EB32} = {704AF653-1A8F-4C49-9EF5-4A0F8C936302}
	EndGlobalSection
	GlobalSection(ExtensibilityGlobals) = postSolution
		SolutionGuid = {B2212224-5FF4-4215-BA1D-8FE652782E14}
	EndGlobalSection
EndGlobal
